
Microsoft Visual Studio Solution File, Format Version 12.00
# Visual Studio Version 17
VisualStudioVersion = 17.14.36518.9 d17.14
MinimumVisualStudioVersion = 10.0.40219.1
Project("{FAE04EC0-301F-11D3-BF4B-00C04F79EFBC}") = "Ahorcadito", "Ahorcadito\Ahorcadito.csproj", "{FBF47222-E0FE-41FE-8EAD-55D018812C87}"
EndProject
Global
	GlobalSection(SolutionConfigurationPlatforms) = preSolution
		Debug|Any CPU = Debug|Any CPU
		Release|Any CPU = Release|Any CPU
	EndGlobalSection
	GlobalSection(ProjectConfigurationPlatforms) = postSolution
		{FBF47222-E0FE-41FE-8EAD-55D018812C87}.Debug|Any CPU.ActiveCfg = Debug|Any CPU
		{FBF47222-E0FE-41FE-8EAD-55D018812C87}.Debug|Any CPU.Build.0 = Debug|Any CPU
		{FBF47222-E0FE-41FE-8EAD-55D018812C87}.Release|Any CPU.ActiveCfg = Release|Any CPU
		{FBF47222-E0FE-41FE-8EAD-55D018812C87}.Release|Any CPU.Build.0 = Release|Any CPU
	EndGlobalSection
	GlobalSection(SolutionProperties) = preSolution
		HideSolutionNode = FALSE
	EndGlobalSection
	GlobalSection(ExtensibilityGlobals) = postSolution
		SolutionGuid = {B92D6CAE-24A8-4773-A28A-788A48226588}
	EndGlobalSection
EndGlobal
